
Microsoft Visual Studio Solution File, Format Version 12.00
Project("{FAE04EC0-301F-11D3-BF4B-00C04F79EFBC}") = "WebApp", "WebApp\WebApp.csproj", "{B16F2F86-6A6E-4578-BFB9-7985FFD97C8A}"
EndProject
Project("{2150E333-8FDC-42A3-9474-1A3956D46DE8}") = "Solution Items", "Solution Items", "{56306661-AF2F-4FAB-AC40-E9875822EA65}"
ProjectSection(SolutionItems) = preProject
	..\README.md = ..\README.md
	Dockerfile = Dockerfile
EndProjectSection
EndProject
Global
	GlobalSection(SolutionConfigurationPlatforms) = preSolution
		Debug|Any CPU = Debug|Any CPU
		Release|Any CPU = Release|Any CPU
	EndGlobalSection
	GlobalSection(ProjectConfigurationPlatforms) = postSolution
		{B16F2F86-6A6E-4578-BFB9-7985FFD97C8A}.Debug|Any CPU.ActiveCfg = Debug|Any CPU
		{B16F2F86-6A6E-4578-BFB9-7985FFD97C8A}.Debug|Any CPU.Build.0 = Debug|Any CPU
		{B16F2F86-6A6E-4578-BFB9-7985FFD97C8A}.Release|Any CPU.ActiveCfg = Release|Any CPU
		{B16F2F86-6A6E-4578-BFB9-7985FFD97C8A}.Release|Any CPU.Build.0 = Release|Any CPU
	EndGlobalSection
EndGlobal
